
Microsoft Visual Studio Solution File, Format Version 12.00
# Visual Studio Version 17
VisualStudioVersion = 17.0.31903.59
MinimumVisualStudioVersion = 10.0.40219.1
Project("{2150E333-8FDC-42A3-9474-1A3956D46DE8}") = "src", "src", "{827E0CD3-B72D-47B6-A68D-7590B98EB39B}"
EndProject
Project("{FAE04EC0-301F-11D3-BF4B-00C04F79EFBC}") = "Api", "src\Api\Api.csproj", "{84ED520A-56E6-4352-B325-C550A67DF383}"
EndProject
Project("{FAE04EC0-301F-11D3-BF4B-00C04F79EFBC}") = "Application", "src\Application\Application.csproj", "{585DD2AC-D3A0-41F5-8BCB-0D8B74CCE9DA}"
EndProject
Project("{FAE04EC0-301F-11D3-BF4B-00C04F79EFBC}") = "Domain", "src\Domain\Domain.csproj", "{8F2DEE84-45D0-4325-AE36-413D54825D1F}"
EndProject
Project("{FAE04EC0-301F-11D3-BF4B-00C04F79EFBC}") = "Infrastructure", "src\Infrastructure\Infrastructure.csproj", "{D3662D87-9C96-407A-B9DD-0C8E52F74806}"
EndProject
Project("{FAE04EC0-301F-11D3-BF4B-00C04F79EFBC}") = "Contracts", "src\Contracts\Contracts.csproj", "{F28EE292-65D5-4EC6-A18F-A5DFB70386EE}"
EndProject
Global
	GlobalSection(SolutionConfigurationPlatforms) = preSolution
		Debug|Any CPU = Debug|Any CPU
		Debug|x64 = Debug|x64
		Debug|x86 = Debug|x86
		Release|Any CPU = Release|Any CPU
		Release|x64 = Release|x64
		Release|x86 = Release|x86
	EndGlobalSection
	GlobalSection(ProjectConfigurationPlatforms) = postSolution
		{84ED520A-56E6-4352-B325-C550A67DF383}.Debug|Any CPU.ActiveCfg = Debug|Any CPU
		{84ED520A-56E6-4352-B325-C550A67DF383}.Debug|Any CPU.Build.0 = Debug|Any CPU
		{84ED520A-56E6-4352-B325-C550A67DF383}.Debug|x64.ActiveCfg = Debug|Any CPU
		{84ED520A-56E6-4352-B325-C550A67DF383}.Debug|x64.Build.0 = Debug|Any CPU
		{84ED520A-56E6-4352-B325-C550A67DF383}.Debug|x86.ActiveCfg = Debug|Any CPU
		{84ED520A-56E6-4352-B325-C550A67DF383}.Debug|x86.Build.0 = Debug|Any CPU
		{84ED520A-56E6-4352-B325-C550A67DF383}.Release|Any CPU.ActiveCfg = Release|Any CPU
		{84ED520A-56E6-4352-B325-C550A67DF383}.Release|Any CPU.Build.0 = Release|Any CPU
		{84ED520A-56E6-4352-B325-C550A67DF383}.Release|x64.ActiveCfg = Release|Any CPU
		{84ED520A-56E6-4352-B325-C550A67DF383}.Release|x64.Build.0 = Release|Any CPU
		{84ED520A-56E6-4352-B325-C550A67DF383}.Release|x86.ActiveCfg = Release|Any CPU
		{84ED520A-56E6-4352-B325-C550A67DF383}.Release|x86.Build.0 = Release|Any CPU
		{585DD2AC-D3A0-41F5-8BCB-0D8B74CCE9DA}.Debug|Any CPU.ActiveCfg = Debug|Any CPU
		{585DD2AC-D3A0-41F5-8BCB-0D8B74CCE9DA}.Debug|Any CPU.Build.0 = Debug|Any CPU
		{585DD2AC-D3A0-41F5-8BCB-0D8B74CCE9DA}.Debug|x64.ActiveCfg = Debug|Any CPU
		{585DD2AC-D3A0-41F5-8BCB-0D8B74CCE9DA}.Debug|x64.Build.0 = Debug|Any CPU
		{585DD2AC-D3A0-41F5-8BCB-0D8B74CCE9DA}.Debug|x86.ActiveCfg = Debug|Any CPU
		{585DD2AC-D3A0-41F5-8BCB-0D8B74CCE9DA}.Debug|x86.Build.0 = Debug|Any CPU
		{585DD2AC-D3A0-41F5-8BCB-0D8B74CCE9DA}.Release|Any CPU.ActiveCfg = Release|Any CPU
		{585DD2AC-D3A0-41F5-8BCB-0D8B74CCE9DA}.Release|Any CPU.Build.0 = Release|Any CPU
		{585DD2AC-D3A0-41F5-8BCB-0D8B74CCE9DA}.Release|x64.ActiveCfg = Release|Any CPU
		{585DD2AC-D3A0-41F5-8BCB-0D8B74CCE9DA}.Release|x64.Build.0 = Release|Any CPU
		{585DD2AC-D3A0-41F5-8BCB-0D8B74CCE9DA}.Release|x86.ActiveCfg = Release|Any CPU
		{585DD2AC-D3A0-41F5-8BCB-0D8B74CCE9DA}.Release|x86.Build.0 = Release|Any CPU
		{8F2DEE84-45D0-4325-AE36-413D54825D1F}.Debug|Any CPU.ActiveCfg = Debug|Any CPU
		{8F2DEE84-45D0-4325-AE36-413D54825D1F}.Debug|Any CPU.Build.0 = Debug|Any CPU
		{8F2DEE84-45D0-4325-AE36-413D54825D1F}.Debug|x64.ActiveCfg = Debug|Any CPU
		{8F2DEE84-45D0-4325-AE36-413D54825D1F}.Debug|x64.Build.0 = Debug|Any CPU
		{8F2DEE84-45D0-4325-AE36-413D54825D1F}.Debug|x86.ActiveCfg = Debug|Any CPU
		{8F2DEE84-45D0-4325-AE36-413D54825D1F}.Debug|x86.Build.0 = Debug|Any CPU
		{8F2DEE84-45D0-4325-AE36-413D54825D1F}.Release|Any CPU.ActiveCfg = Release|Any CPU
		{8F2DEE84-45D0-4325-AE36-413D54825D1F}.Release|Any CPU.Build.0 = Release|Any CPU
		{8F2DEE84-45D0-4325-AE36-413D54825D1F}.Release|x64.ActiveCfg = Release|Any CPU
		{8F2DEE84-45D0-4325-AE36-413D54825D1F}.Release|x64.Build.0 = Release|Any CPU
		{8F2DEE84-45D0-4325-AE36-413D54825D1F}.Release|x86.ActiveCfg = Release|Any CPU
		{8F2DEE84-45D0-4325-AE36-413D54825D1F}.Release|x86.Build.0 = Release|Any CPU
		{D3662D87-9C96-407A-B9DD-0C8E52F74806}.Debug|Any CPU.ActiveCfg = Debug|Any CPU
		{D3662D87-9C96-407A-B9DD-0C8E52F74806}.Debug|Any CPU.Build.0 = Debug|Any CPU
		{D3662D87-9C96-407A-B9DD-0C8E52F74806}.Debug|x64.ActiveCfg = Debug|Any CPU
		{D3662D87-9C96-407A-B9DD-0C8E52F74806}.Debug|x64.Build.0 = Debug|Any CPU
		{D3662D87-9C96-407A-B9DD-0C8E52F74806}.Debug|x86.ActiveCfg = Debug|Any CPU
		{D3662D87-9C96-407A-B9DD-0C8E52F74806}.Debug|x86.Build.0 = Debug|Any CPU
		{D3662D87-9C96-407A-B9DD-0C8E52F74806}.Release|Any CPU.ActiveCfg = Release|Any CPU
		{D3662D87-9C96-407A-B9DD-0C8E52F74806}.Release|Any CPU.Build.0 = Release|Any CPU
		{D3662D87-9C96-407A-B9DD-0C8E52F74806}.Release|x64.ActiveCfg = Release|Any CPU
		{D3662D87-9C96-407A-B9DD-0C8E52F74806}.Release|x64.Build.0 = Release|Any CPU
		{D3662D87-9C96-407A-B9DD-0C8E52F74806}.Release|x86.ActiveCfg = Release|Any CPU
		{D3662D87-9C96-407A-B9DD-0C8E52F74806}.Release|x86.Build.0 = Release|Any CPU
		{F28EE292-65D5-4EC6-A18F-A5DFB70386EE}.Debug|Any CPU.ActiveCfg = Debug|Any CPU
		{F28EE292-65D5-4EC6-A18F-A5DFB70386EE}.Debug|Any CPU.Build.0 = Debug|Any CPU
		{F28EE292-65D5-4EC6-A18F-A5DFB70386EE}.Debug|x64.ActiveCfg = Debug|Any CPU
		{F28EE292-65D5-4EC6-A18F-A5DFB70386EE}.Debug|x64.Build.0 = Debug|Any CPU
		{F28EE292-65D5-4EC6-A18F-A5DFB70386EE}.Debug|x86.ActiveCfg = Debug|Any CPU
		{F28EE292-65D5-4EC6-A18F-A5DFB70386EE}.Debug|x86.Build.0 = Debug|Any CPU
		{F28EE292-65D5-4EC6-A18F-A5DFB70386EE}.Release|Any CPU.ActiveCfg = Release|Any CPU
		{F28EE292-65D5-4EC6-A18F-A5DFB70386EE}.Release|Any CPU.Build.0 = Release|Any CPU
		{F28EE292-65D5-4EC6-A18F-A5DFB70386EE}.Release|x64.ActiveCfg = Release|Any CPU
		{F28EE292-65D5-4EC6-A18F-A5DFB70386EE}.Release|x64.Build.0 = Release|Any CPU
		{F28EE292-65D5-4EC6-A18F-A5DFB70386EE}.Release|x86.ActiveCfg = Release|Any CPU
		{F28EE292-65D5-4EC6-A18F-A5DFB70386EE}.Release|x86.Build.0 = Release|Any CPU
	EndGlobalSection
	GlobalSection(SolutionProperties) = preSolution
		HideSolutionNode = FALSE
	EndGlobalSection
	GlobalSection(NestedProjects) = preSolution
		{84ED520A-56E6-4352-B325-C550A67DF383} = {827E0CD3-B72D-47B6-A68D-7590B98EB39B}
		{585DD2AC-D3A0-41F5-8BCB-0D8B74CCE9DA} = {827E0CD3-B72D-47B6-A68D-7590B98EB39B}
		{8F2DEE84-45D0-4325-AE36-413D54825D1F} = {827E0CD3-B72D-47B6-A68D-7590B98EB39B}
		{D3662D87-9C96-407A-B9DD-0C8E52F74806} = {827E0CD3-B72D-47B6-A68D-7590B98EB39B}
		{F28EE292-65D5-4EC6-A18F-A5DFB70386EE} = {827E0CD3-B72D-47B6-A68D-7590B98EB39B}
	EndGlobalSection
EndGlobal
